// !$*UTF8*$!
{
	archiveVersion = 1;
	classes = {
	};
	objectVersion = 56;
	objects = {

/* Begin PBXBuildFile section */
		5A6FAB5B2C93D8080043C18A /* WeatherAppApp.swift in Sources */ = {isa = PBXBuildFile; fileRef = 5A6FAB5A2C93D8080043C18A /* WeatherAppApp.swift */; };
		5A6FAB5F2C93D80A0043C18A /* Assets.xcassets in Resources */ = {isa = PBXBuildFile; fileRef = 5A6FAB5E2C93D80A0043C18A /* Assets.xcassets */; };
		5A6FAB622C93D80A0043C18A /* Preview Assets.xcassets in Resources */ = {isa = PBXBuildFile; fileRef = 5A6FAB612C93D80A0043C18A /* Preview Assets.xcassets */; };
		5A6FAB6C2C93D80A0043C18A /* WeatherAppTests.swift in Sources */ = {isa = PBXBuildFile; fileRef = 5A6FAB6B2C93D80A0043C18A /* WeatherAppTests.swift */; };
		5A6FAB762C93D80A0043C18A /* WeatherAppUITests.swift in Sources */ = {isa = PBXBuildFile; fileRef = 5A6FAB752C93D80A0043C18A /* WeatherAppUITests.swift */; };
		5A6FAB782C93D80A0043C18A /* WeatherAppUITestsLaunchTests.swift in Sources */ = {isa = PBXBuildFile; fileRef = 5A6FAB772C93D80A0043C18A /* WeatherAppUITestsLaunchTests.swift */; };
		5A6FAB892C93D85F0043C18A /* WeatherMainView.swift in Sources */ = {isa = PBXBuildFile; fileRef = 5A6FAB882C93D85F0043C18A /* WeatherMainView.swift */; };
		5A6FAB8B2C93D88F0043C18A /* MainViewModel.swift in Sources */ = {isa = PBXBuildFile; fileRef = 5A6FAB8A2C93D88F0043C18A /* MainViewModel.swift */; };
		5A6FAB8E2C93E7A90043C18A /* GeocoderModel.swift in Sources */ = {isa = PBXBuildFile; fileRef = 5A6FAB8C2C93E7A90043C18A /* GeocoderModel.swift */; };
		5A6FAB8F2C93E7A90043C18A /* WeatherDataModel.swift in Sources */ = {isa = PBXBuildFile; fileRef = 5A6FAB8D2C93E7A90043C18A /* WeatherDataModel.swift */; };
		5A6FAB912C93E8500043C18A /* DataServiceManager.swift in Sources */ = {isa = PBXBuildFile; fileRef = 5A6FAB902C93E8500043C18A /* DataServiceManager.swift */; };
		5A6FAB932C93F1A40043C18A /* TopView.swift in Sources */ = {isa = PBXBuildFile; fileRef = 5A6FAB922C93F1A40043C18A /* TopView.swift */; };
		5A6FAB952C93F3BF0043C18A /* LoadingView.swift in Sources */ = {isa = PBXBuildFile; fileRef = 5A6FAB942C93F3BF0043C18A /* LoadingView.swift */; };
		5A6FAB972C93F5010043C18A /* WeatherDataView.swift in Sources */ = {isa = PBXBuildFile; fileRef = 5A6FAB962C93F5010043C18A /* WeatherDataView.swift */; };
		5A6FAB992C93F5320043C18A /* WeatherViewModel.swift in Sources */ = {isa = PBXBuildFile; fileRef = 5A6FAB982C93F5320043C18A /* WeatherViewModel.swift */; };
		5A6FAB9D2C93F6C80043C18A /* ErrorView.swift in Sources */ = {isa = PBXBuildFile; fileRef = 5A6FAB9C2C93F6C80043C18A /* ErrorView.swift */; };
		5A6FABA22C94062E0043C18A /* Helper.swift in Sources */ = {isa = PBXBuildFile; fileRef = 5A6FABA12C94062E0043C18A /* Helper.swift */; };
		5A6FABA42C9406F40043C18A /* ImageCacheManager.swift in Sources */ = {isa = PBXBuildFile; fileRef = 5A6FABA32C9406F40043C18A /* ImageCacheManager.swift */; };
		5A6FABA82C940CA90043C18A /* ViewModelTests.swift in Sources */ = {isa = PBXBuildFile; fileRef = 5A6FABA72C940CA90043C18A /* ViewModelTests.swift */; };
/* End PBXBuildFile section */

/* Begin PBXContainerItemProxy section */
		5A6FAB682C93D80A0043C18A /* PBXContainerItemProxy */ = {
			isa = PBXContainerItemProxy;
			containerPortal = 5A6FAB4F2C93D8080043C18A /* Project object */;
			proxyType = 1;
			remoteGlobalIDString = 5A6FAB562C93D8080043C18A;
			remoteInfo = WeatherApp;
		};
		5A6FAB722C93D80A0043C18A /* PBXContainerItemProxy */ = {
			isa = PBXContainerItemProxy;
			containerPortal = 5A6FAB4F2C93D8080043C18A /* Project object */;
			proxyType = 1;
			remoteGlobalIDString = 5A6FAB562C93D8080043C18A;
			remoteInfo = WeatherApp;
		};
/* End PBXContainerItemProxy section */

/* Begin PBXFileReference section */
		5A6FAB572C93D8080043C18A /* WeatherApp.app */ = {isa = PBXFileReference; explicitFileType = wrapper.application; includeInIndex = 0; path = WeatherApp.app; sourceTree = BUILT_PRODUCTS_DIR; };
		5A6FAB5A2C93D8080043C18A /* WeatherAppApp.swift */ = {isa = PBXFileReference; lastKnownFileType = sourcecode.swift; path = WeatherAppApp.swift; sourceTree = "<group>"; };
		5A6FAB5E2C93D80A0043C18A /* Assets.xcassets */ = {isa = PBXFileReference; lastKnownFileType = folder.assetcatalog; path = Assets.xcassets; sourceTree = "<group>"; };
		5A6FAB612C93D80A0043C18A /* Preview Assets.xcassets */ = {isa = PBXFileReference; lastKnownFileType = folder.assetcatalog; path = "Preview Assets.xcassets"; sourceTree = "<group>"; };
		5A6FAB672C93D80A0043C18A /* WeatherAppTests.xctest */ = {isa = PBXFileReference; explicitFileType = wrapper.cfbundle; includeInIndex = 0; path = WeatherAppTests.xctest; sourceTree = BUILT_PRODUCTS_DIR; };
		5A6FAB6B2C93D80A0043C18A /* WeatherAppTests.swift */ = {isa = PBXFileReference; lastKnownFileType = sourcecode.swift; path = WeatherAppTests.swift; sourceTree = "<group>"; };
		5A6FAB712C93D80A0043C18A /* WeatherAppUITests.xctest */ = {isa = PBXFileReference; explicitFileType = wrapper.cfbundle; includeInIndex = 0; path = WeatherAppUITests.xctest; sourceTree = BUILT_PRODUCTS_DIR; };
		5A6FAB752C93D80A0043C18A /* WeatherAppUITests.swift */ = {isa = PBXFileReference; lastKnownFileType = sourcecode.swift; path = WeatherAppUITests.swift; sourceTree = "<group>"; };
		5A6FAB772C93D80A0043C18A /* WeatherAppUITestsLaunchTests.swift */ = {isa = PBXFileReference; lastKnownFileType = sourcecode.swift; path = WeatherAppUITestsLaunchTests.swift; sourceTree = "<group>"; };
		5A6FAB882C93D85F0043C18A /* WeatherMainView.swift */ = {isa = PBXFileReference; lastKnownFileType = sourcecode.swift; path = WeatherMainView.swift; sourceTree = "<group>"; };
		5A6FAB8A2C93D88F0043C18A /* MainViewModel.swift */ = {isa = PBXFileReference; lastKnownFileType = sourcecode.swift; path = MainViewModel.swift; sourceTree = "<group>"; };
		5A6FAB8C2C93E7A90043C18A /* GeocoderModel.swift */ = {isa = PBXFileReference; fileEncoding = 4; lastKnownFileType = sourcecode.swift; path = GeocoderModel.swift; sourceTree = "<group>"; };
		5A6FAB8D2C93E7A90043C18A /* WeatherDataModel.swift */ = {isa = PBXFileReference; fileEncoding = 4; lastKnownFileType = sourcecode.swift; path = WeatherDataModel.swift; sourceTree = "<group>"; };
		5A6FAB902C93E8500043C18A /* DataServiceManager.swift */ = {isa = PBXFileReference; fileEncoding = 4; lastKnownFileType = sourcecode.swift; path = DataServiceManager.swift; sourceTree = "<group>"; };
		5A6FAB922C93F1A40043C18A /* TopView.swift */ = {isa = PBXFileReference; lastKnownFileType = sourcecode.swift; path = TopView.swift; sourceTree = "<group>"; };
		5A6FAB942C93F3BF0043C18A /* LoadingView.swift */ = {isa = PBXFileReference; lastKnownFileType = sourcecode.swift; path = LoadingView.swift; sourceTree = "<group>"; };
		5A6FAB962C93F5010043C18A /* WeatherDataView.swift */ = {isa = PBXFileReference; lastKnownFileType = sourcecode.swift; path = WeatherDataView.swift; sourceTree = "<group>"; };
		5A6FAB982C93F5320043C18A /* WeatherViewModel.swift */ = {isa = PBXFileReference; lastKnownFileType = sourcecode.swift; path = WeatherViewModel.swift; sourceTree = "<group>"; };
		5A6FAB9C2C93F6C80043C18A /* ErrorView.swift */ = {isa = PBXFileReference; lastKnownFileType = sourcecode.swift; path = ErrorView.swift; sourceTree = "<group>"; };
		5A6FABA02C93FFAB0043C18A /* Info.plist */ = {isa = PBXFileReference; lastKnownFileType = text.plist; path = Info.plist; sourceTree = "<group>"; };
		5A6FABA12C94062E0043C18A /* Helper.swift */ = {isa = PBXFileReference; lastKnownFileType = sourcecode.swift; path = Helper.swift; sourceTree = "<group>"; };
		5A6FABA32C9406F40043C18A /* ImageCacheManager.swift */ = {isa = PBXFileReference; fileEncoding = 4; lastKnownFileType = sourcecode.swift; path = ImageCacheManager.swift; sourceTree = "<group>"; };
		5A6FABA72C940CA90043C18A /* ViewModelTests.swift */ = {isa = PBXFileReference; lastKnownFileType = sourcecode.swift; path = ViewModelTests.swift; sourceTree = "<group>"; };
/* End PBXFileReference section */

/* Begin PBXFrameworksBuildPhase section */
		5A6FAB542C93D8080043C18A /* Frameworks */ = {
			isa = PBXFrameworksBuildPhase;
			buildActionMask = 2147483647;
			files = (
			);
			runOnlyForDeploymentPostprocessing = 0;
		};
		5A6FAB642C93D80A0043C18A /* Frameworks */ = {
			isa = PBXFrameworksBuildPhase;
			buildActionMask = 2147483647;
			files = (
			);
			runOnlyForDeploymentPostprocessing = 0;
		};
		5A6FAB6E2C93D80A0043C18A /* Frameworks */ = {
			isa = PBXFrameworksBuildPhase;
			buildActionMask = 2147483647;
			files = (
			);
			runOnlyForDeploymentPostprocessing = 0;
		};
/* End PBXFrameworksBuildPhase section */

/* Begin PBXGroup section */
		5A6FAB4E2C93D8080043C18A = {
			isa = PBXGroup;
			children = (
				5A6FAB592C93D8080043C18A /* WeatherApp */,
				5A6FAB6A2C93D80A0043C18A /* WeatherAppTests */,
				5A6FAB742C93D80A0043C18A /* WeatherAppUITests */,
				5A6FAB582C93D8080043C18A /* Products */,
			);
			sourceTree = "<group>";
		};
		5A6FAB582C93D8080043C18A /* Products */ = {
			isa = PBXGroup;
			children = (
				5A6FAB572C93D8080043C18A /* WeatherApp.app */,
				5A6FAB672C93D80A0043C18A /* WeatherAppTests.xctest */,
				5A6FAB712C93D80A0043C18A /* WeatherAppUITests.xctest */,
			);
			name = Products;
			sourceTree = "<group>";
		};
		5A6FAB592C93D8080043C18A /* WeatherApp */ = {
			isa = PBXGroup;
			children = (
				5A6FABA02C93FFAB0043C18A /* Info.plist */,
				5A6FAB5A2C93D8080043C18A /* WeatherAppApp.swift */,
				5A6FAB872C93D82B0043C18A /* Utils */,
				5A6FAB862C93D81E0043C18A /* Model */,
				5A6FAB852C93D81C0043C18A /* ViewModel */,
				5A6FAB842C93D8180043C18A /* View */,
				5A6FAB5E2C93D80A0043C18A /* Assets.xcassets */,
				5A6FAB602C93D80A0043C18A /* Preview Content */,
			);
			path = WeatherApp;
			sourceTree = "<group>";
		};
		5A6FAB602C93D80A0043C18A /* Preview Content */ = {
			isa = PBXGroup;
			children = (
				5A6FAB612C93D80A0043C18A /* Preview Assets.xcassets */,
			);
			path = "Preview Content";
			sourceTree = "<group>";
		};
		5A6FAB6A2C93D80A0043C18A /* WeatherAppTests */ = {
			isa = PBXGroup;
			children = (
				5A6FAB6B2C93D80A0043C18A /* WeatherAppTests.swift */,
				5A6FABA72C940CA90043C18A /* ViewModelTests.swift */,
			);
			path = WeatherAppTests;
			sourceTree = "<group>";
		};
		5A6FAB742C93D80A0043C18A /* WeatherAppUITests */ = {
			isa = PBXGroup;
			children = (
				5A6FAB752C93D80A0043C18A /* WeatherAppUITests.swift */,
				5A6FAB772C93D80A0043C18A /* WeatherAppUITestsLaunchTests.swift */,
			);
			path = WeatherAppUITests;
			sourceTree = "<group>";
		};
		5A6FAB842C93D8180043C18A /* View */ = {
			isa = PBXGroup;
			children = (
				5A6FAB882C93D85F0043C18A /* WeatherMainView.swift */,
				5A6FAB942C93F3BF0043C18A /* LoadingView.swift */,
				5A6FAB922C93F1A40043C18A /* TopView.swift */,
				5A6FAB962C93F5010043C18A /* WeatherDataView.swift */,
				5A6FAB9C2C93F6C80043C18A /* ErrorView.swift */,
			);
			path = View;
			sourceTree = "<group>";
		};
		5A6FAB852C93D81C0043C18A /* ViewModel */ = {
			isa = PBXGroup;
			children = (
				5A6FAB8A2C93D88F0043C18A /* MainViewModel.swift */,
				5A6FAB982C93F5320043C18A /* WeatherViewModel.swift */,
			);
			path = ViewModel;
			sourceTree = "<group>";
		};
		5A6FAB862C93D81E0043C18A /* Model */ = {
			isa = PBXGroup;
			children = (
				5A6FAB8C2C93E7A90043C18A /* GeocoderModel.swift */,
				5A6FAB8D2C93E7A90043C18A /* WeatherDataModel.swift */,
			);
			path = Model;
			sourceTree = "<group>";
		};
		5A6FAB872C93D82B0043C18A /* Utils */ = {
			isa = PBXGroup;
			children = (
				5A6FAB902C93E8500043C18A /* DataServiceManager.swift */,
				5A6FABA12C94062E0043C18A /* Helper.swift */,
				5A6FABA32C9406F40043C18A /* ImageCacheManager.swift */,
			);
			path = Utils;
			sourceTree = "<group>";
		};
/* End PBXGroup section */

/* Begin PBXNativeTarget section */
		5A6FAB562C93D8080043C18A /* WeatherApp */ = {
			isa = PBXNativeTarget;
			buildConfigurationList = 5A6FAB7B2C93D80A0043C18A /* Build configuration list for PBXNativeTarget "WeatherApp" */;
			buildPhases = (
				5A6FAB532C93D8080043C18A /* Sources */,
				5A6FAB542C93D8080043C18A /* Frameworks */,
				5A6FAB552C93D8080043C18A /* Resources */,
			);
			buildRules = (
			);
			dependencies = (
			);
			name = WeatherApp;
			productName = WeatherApp;
			productReference = 5A6FAB572C93D8080043C18A /* WeatherApp.app */;
			productType = "com.apple.product-type.application";
		};
		5A6FAB662C93D80A0043C18A /* WeatherAppTests */ = {
			isa = PBXNativeTarget;
			buildConfigurationList = 5A6FAB7E2C93D80A0043C18A /* Build configuration list for PBXNativeTarget "WeatherAppTests" */;
			buildPhases = (
				5A6FAB632C93D80A0043C18A /* Sources */,
				5A6FAB642C93D80A0043C18A /* Frameworks */,
				5A6FAB652C93D80A0043C18A /* Resources */,
			);
			buildRules = (
			);
			dependencies = (
				5A6FAB692C93D80A0043C18A /* PBXTargetDependency */,
			);
			name = WeatherAppTests;
			productName = WeatherAppTests;
			productReference = 5A6FAB672C93D80A0043C18A /* WeatherAppTests.xctest */;
			productType = "com.apple.product-type.bundle.unit-test";
		};
		5A6FAB702C93D80A0043C18A /* WeatherAppUITests */ = {
			isa = PBXNativeTarget;
			buildConfigurationList = 5A6FAB812C93D80A0043C18A /* Build configuration list for PBXNativeTarget "WeatherAppUITests" */;
			buildPhases = (
				5A6FAB6D2C93D80A0043C18A /* Sources */,
				5A6FAB6E2C93D80A0043C18A /* Frameworks */,
				5A6FAB6F2C93D80A0043C18A /* Resources */,
			);
			buildRules = (
			);
			dependencies = (
				5A6FAB732C93D80A0043C18A /* PBXTargetDependency */,
			);
			name = WeatherAppUITests;
			productName = WeatherAppUITests;
			productReference = 5A6FAB712C93D80A0043C18A /* WeatherAppUITests.xctest */;
			productType = "com.apple.product-type.bundle.ui-testing";
		};
/* End PBXNativeTarget section */

/* Begin PBXProject section */
		5A6FAB4F2C93D8080043C18A /* Project object */ = {
			isa = PBXProject;
			attributes = {
				BuildIndependentTargetsInParallel = 1;
				LastSwiftUpdateCheck = 1540;
				LastUpgradeCheck = 1540;
				TargetAttributes = {
					5A6FAB562C93D8080043C18A = {
						CreatedOnToolsVersion = 15.4;
					};
					5A6FAB662C93D80A0043C18A = {
						CreatedOnToolsVersion = 15.4;
						TestTargetID = 5A6FAB562C93D8080043C18A;
					};
					5A6FAB702C93D80A0043C18A = {
						CreatedOnToolsVersion = 15.4;
						TestTargetID = 5A6FAB562C93D8080043C18A;
					};
				};
			};
			buildConfigurationList = 5A6FAB522C93D8080043C18A /* Build configuration list for PBXProject "WeatherApp" */;
			compatibilityVersion = "Xcode 14.0";
			developmentRegion = en;
			hasScannedForEncodings = 0;
			knownRegions = (
				en,
				Base,
			);
			mainGroup = 5A6FAB4E2C93D8080043C18A;
			productRefGroup = 5A6FAB582C93D8080043C18A /* Products */;
			projectDirPath = "";
			projectRoot = "";
			targets = (
				5A6FAB562C93D8080043C18A /* WeatherApp */,
				5A6FAB662C93D80A0043C18A /* WeatherAppTests */,
				5A6FAB702C93D80A0043C18A /* WeatherAppUITests */,
			);
		};
/* End PBXProject section */

/* Begin PBXResourcesBuildPhase section */
		5A6FAB552C93D8080043C18A /* Resources */ = {
			isa = PBXResourcesBuildPhase;
			buildActionMask = 2147483647;
			files = (
				5A6FAB622C93D80A0043C18A /* Preview Assets.xcassets in Resources */,
				5A6FAB5F2C93D80A0043C18A /* Assets.xcassets in Resources */,
			);
			runOnlyForDeploymentPostprocessing = 0;
		};
		5A6FAB652C93D80A0043C18A /* Resources */ = {
			isa = PBXResourcesBuildPhase;
			buildActionMask = 2147483647;
			files = (
			);
			runOnlyForDeploymentPostprocessing = 0;
		};
		5A6FAB6F2C93D80A0043C18A /* Resources */ = {
			isa = PBXResourcesBuildPhase;
			buildActionMask = 2147483647;
			files = (
			);
			runOnlyForDeploymentPostprocessing = 0;
		};
/* End PBXResourcesBuildPhase section */

/* Begin PBXSourcesBuildPhase section */
		5A6FAB532C93D8080043C18A /* Sources */ = {
			isa = PBXSourcesBuildPhase;
			buildActionMask = 2147483647;
			files = (
				5A6FAB892C93D85F0043C18A /* WeatherMainView.swift in Sources */,
				5A6FAB972C93F5010043C18A /* WeatherDataView.swift in Sources */,
				5A6FAB8E2C93E7A90043C18A /* GeocoderModel.swift in Sources */,
				5A6FAB992C93F5320043C18A /* WeatherViewModel.swift in Sources */,
				5A6FAB8F2C93E7A90043C18A /* WeatherDataModel.swift in Sources */,
				5A6FAB912C93E8500043C18A /* DataServiceManager.swift in Sources */,
				5A6FAB8B2C93D88F0043C18A /* MainViewModel.swift in Sources */,
				5A6FAB9D2C93F6C80043C18A /* ErrorView.swift in Sources */,
				5A6FABA42C9406F40043C18A /* ImageCacheManager.swift in Sources */,
				5A6FAB932C93F1A40043C18A /* TopView.swift in Sources */,
				5A6FABA22C94062E0043C18A /* Helper.swift in Sources */,
				5A6FAB5B2C93D8080043C18A /* WeatherAppApp.swift in Sources */,
				5A6FAB952C93F3BF0043C18A /* LoadingView.swift in Sources */,
			);
			runOnlyForDeploymentPostprocessing = 0;
		};
		5A6FAB632C93D80A0043C18A /* Sources */ = {
			isa = PBXSourcesBuildPhase;
			buildActionMask = 2147483647;
			files = (
				5A6FABA82C940CA90043C18A /* ViewModelTests.swift in Sources */,
				5A6FAB6C2C93D80A0043C18A /* WeatherAppTests.swift in Sources */,
			);
			runOnlyForDeploymentPostprocessing = 0;
		};
		5A6FAB6D2C93D80A0043C18A /* Sources */ = {
			isa = PBXSourcesBuildPhase;
			buildActionMask = 2147483647;
			files = (
				5A6FAB762C93D80A0043C18A /* WeatherAppUITests.swift in Sources */,
				5A6FAB782C93D80A0043C18A /* WeatherAppUITestsLaunchTests.swift in Sources */,
			);
			runOnlyForDeploymentPostprocessing = 0;
		};
/* End PBXSourcesBuildPhase section */

/* Begin PBXTargetDependency section */
		5A6FAB692C93D80A0043C18A /* PBXTargetDependency */ = {
			isa = PBXTargetDependency;
			target = 5A6FAB562C93D8080043C18A /* WeatherApp */;
			targetProxy = 5A6FAB682C93D80A0043C18A /* PBXContainerItemProxy */;
		};
		5A6FAB732C93D80A0043C18A /* PBXTargetDependency */ = {
			isa = PBXTargetDependency;
			target = 5A6FAB562C93D8080043C18A /* WeatherApp */;
			targetProxy = 5A6FAB722C93D80A0043C18A /* PBXContainerItemProxy */;
		};
/* End PBXTargetDependency section */

/* Begin XCBuildConfiguration section */
		5A6FAB792C93D80A0043C18A /* Debug */ = {
			isa = XCBuildConfiguration;
			buildSettings = {
				ALWAYS_SEARCH_USER_PATHS = NO;
				ASSETCATALOG_COMPILER_GENERATE_SWIFT_ASSET_SYMBOL_EXTENSIONS = YES;
				CLANG_ANALYZER_NONNULL = YES;
				CLANG_ANALYZER_NUMBER_OBJECT_CONVERSION = YES_AGGRESSIVE;
				CLANG_CXX_LANGUAGE_STANDARD = "gnu++20";
				CLANG_ENABLE_MODULES = YES;
				CLANG_ENABLE_OBJC_ARC = YES;
				CLANG_ENABLE_OBJC_WEAK = YES;
				CLANG_WARN_BLOCK_CAPTURE_AUTORELEASING = YES;
				CLANG_WARN_BOOL_CONVERSION = YES;
				CLANG_WARN_COMMA = YES;
				CLANG_WARN_CONSTANT_CONVERSION = YES;
				CLANG_WARN_DEPRECATED_OBJC_IMPLEMENTATIONS = YES;
				CLANG_WARN_DIRECT_OBJC_ISA_USAGE = YES_ERROR;
				CLANG_WARN_DOCUMENTATION_COMMENTS = YES;
				CLANG_WARN_EMPTY_BODY = YES;
				CLANG_WARN_ENUM_CONVERSION = YES;
				CLANG_WARN_INFINITE_RECURSION = YES;
				CLANG_WARN_INT_CONVERSION = YES;
				CLANG_WARN_NON_LITERAL_NULL_CONVERSION = YES;
				CLANG_WARN_OBJC_IMPLICIT_RETAIN_SELF = YES;
				CLANG_WARN_OBJC_LITERAL_CONVERSION = YES;
				CLANG_WARN_OBJC_ROOT_CLASS = YES_ERROR;
				CLANG_WARN_QUOTED_INCLUDE_IN_FRAMEWORK_HEADER = YES;
				CLANG_WARN_RANGE_LOOP_ANALYSIS = YES;
				CLANG_WARN_STRICT_PROTOTYPES = YES;
				CLANG_WARN_SUSPICIOUS_MOVE = YES;
				CLANG_WARN_UNGUARDED_AVAILABILITY = YES_AGGRESSIVE;
				CLANG_WARN_UNREACHABLE_CODE = YES;
				CLANG_WARN__DUPLICATE_METHOD_MATCH = YES;
				COPY_PHASE_STRIP = NO;
				DEBUG_INFORMATION_FORMAT = dwarf;
				ENABLE_STRICT_OBJC_MSGSEND = YES;
				ENABLE_TESTABILITY = YES;
				ENABLE_USER_SCRIPT_SANDBOXING = YES;
				GCC_C_LANGUAGE_STANDARD = gnu17;
				GCC_DYNAMIC_NO_PIC = NO;
				GCC_NO_COMMON_BLOCKS = YES;
				GCC_OPTIMIZATION_LEVEL = 0;
				GCC_PREPROCESSOR_DEFINITIONS = (
					"DEBUG=1",
					"$(inherited)",
				);
				GCC_WARN_64_TO_32_BIT_CONVERSION = YES;
				GCC_WARN_ABOUT_RETURN_TYPE = YES_ERROR;
				GCC_WARN_UNDECLARED_SELECTOR = YES;
				GCC_WARN_UNINITIALIZED_AUTOS = YES_AGGRESSIVE;
				GCC_WARN_UNUSED_FUNCTION = YES;
				GCC_WARN_UNUSED_VARIABLE = YES;
				IPHONEOS_DEPLOYMENT_TARGET = 17.5;
				LOCALIZATION_PREFERS_STRING_CATALOGS = YES;
				MTL_ENABLE_DEBUG_INFO = INCLUDE_SOURCE;
				MTL_FAST_MATH = YES;
				ONLY_ACTIVE_ARCH = YES;
				SDKROOT = iphoneos;
				SWIFT_ACTIVE_COMPILATION_CONDITIONS = "DEBUG $(inherited)";
				SWIFT_OPTIMIZATION_LEVEL = "-Onone";
			};
			name = Debug;
		};
		5A6FAB7A2C93D80A0043C18A /* Release */ = {
			isa = XCBuildConfiguration;
			buildSettings = {
				ALWAYS_SEARCH_USER_PATHS = NO;
				ASSETCATALOG_COMPILER_GENERATE_SWIFT_ASSET_SYMBOL_EXTENSIONS = YES;
				CLANG_ANALYZER_NONNULL = YES;
				CLANG_ANALYZER_NUMBER_OBJECT_CONVERSION = YES_AGGRESSIVE;
				CLANG_CXX_LANGUAGE_STANDARD = "gnu++20";
				CLANG_ENABLE_MODULES = YES;
				CLANG_ENABLE_OBJC_ARC = YES;
				CLANG_ENABLE_OBJC_WEAK = YES;
				CLANG_WARN_BLOCK_CAPTURE_AUTORELEASING = YES;
				CLANG_WARN_BOOL_CONVERSION = YES;
				CLANG_WARN_COMMA = YES;
				CLANG_WARN_CONSTANT_CONVERSION = YES;
				CLANG_WARN_DEPRECATED_OBJC_IMPLEMENTATIONS = YES;
				CLANG_WARN_DIRECT_OBJC_ISA_USAGE = YES_ERROR;
				CLANG_WARN_DOCUMENTATION_COMMENTS = YES;
				CLANG_WARN_EMPTY_BODY = YES;
				CLANG_WARN_ENUM_CONVERSION = YES;
				CLANG_WARN_INFINITE_RECURSION = YES;
				CLANG_WARN_INT_CONVERSION = YES;
				CLANG_WARN_NON_LITERAL_NULL_CONVERSION = YES;
				CLANG_WARN_OBJC_IMPLICIT_RETAIN_SELF = YES;
				CLANG_WARN_OBJC_LITERAL_CONVERSION = YES;
				CLANG_WARN_OBJC_ROOT_CLASS = YES_ERROR;
				CLANG_WARN_QUOTED_INCLUDE_IN_FRAMEWORK_HEADER = YES;
				CLANG_WARN_RANGE_LOOP_ANALYSIS = YES;
				CLANG_WARN_STRICT_PROTOTYPES = YES;
				CLANG_WARN_SUSPICIOUS_MOVE = YES;
				CLANG_WARN_UNGUARDED_AVAILABILITY = YES_AGGRESSIVE;
				CLANG_WARN_UNREACHABLE_CODE = YES;
				CLANG_WARN__DUPLICATE_METHOD_MATCH = YES;
				COPY_PHASE_STRIP = NO;
				DEBUG_INFORMATION_FORMAT = "dwarf-with-dsym";
				ENABLE_NS_ASSERTIONS = NO;
				ENABLE_STRICT_OBJC_MSGSEND = YES;
				ENABLE_USER_SCRIPT_SANDBOXING = YES;
				GCC_C_LANGUAGE_STANDARD = gnu17;
				GCC_NO_COMMON_BLOCKS = YES;
				GCC_WARN_64_TO_32_BIT_CONVERSION = YES;
				GCC_WARN_ABOUT_RETURN_TYPE = YES_ERROR;
				GCC_WARN_UNDECLARED_SELECTOR = YES;
				GCC_WARN_UNINITIALIZED_AUTOS = YES_AGGRESSIVE;
				GCC_WARN_UNUSED_FUNCTION = YES;
				GCC_WARN_UNUSED_VARIABLE = YES;
				IPHONEOS_DEPLOYMENT_TARGET = 17.5;
				LOCALIZATION_PREFERS_STRING_CATALOGS = YES;
				MTL_ENABLE_DEBUG_INFO = NO;
				MTL_FAST_MATH = YES;
				SDKROOT = iphoneos;
				SWIFT_COMPILATION_MODE = wholemodule;
				VALIDATE_PRODUCT = YES;
			};
			name = Release;
		};
		5A6FAB7C2C93D80A0043C18A /* Debug */ = {
			isa = XCBuildConfiguration;
			buildSettings = {
				ASSETCATALOG_COMPILER_APPICON_NAME = AppIcon;
				ASSETCATALOG_COMPILER_GLOBAL_ACCENT_COLOR_NAME = AccentColor;
				CODE_SIGN_STYLE = Automatic;
				CURRENT_PROJECT_VERSION = 1;
				DEVELOPMENT_ASSET_PATHS = "\"WeatherApp/Preview Content\"";
				DEVELOPMENT_TEAM = C6859D9NV5;
				ENABLE_PREVIEWS = YES;
				GENERATE_INFOPLIST_FILE = YES;
				INFOPLIST_FILE = WeatherApp/Info.plist;
				INFOPLIST_KEY_NSLocationWhenInUseUsageDescription = "App needs to access your current location";
				INFOPLIST_KEY_UIApplicationSceneManifest_Generation = YES;
				INFOPLIST_KEY_UIApplicationSupportsIndirectInputEvents = YES;
				INFOPLIST_KEY_UILaunchScreen_Generation = YES;
				INFOPLIST_KEY_UISupportedInterfaceOrientations_iPad = "UIInterfaceOrientationPortrait UIInterfaceOrientationPortraitUpsideDown UIInterfaceOrientationLandscapeLeft UIInterfaceOrientationLandscapeRight";
				INFOPLIST_KEY_UISupportedInterfaceOrientations_iPhone = "UIInterfaceOrientationPortrait UIInterfaceOrientationLandscapeLeft UIInterfaceOrientationLandscapeRight";
				LD_RUNPATH_SEARCH_PATHS = (
					"$(inherited)",
					"@executable_path/Frameworks",
				);
				MARKETING_VERSION = 1.0;
				PRODUCT_BUNDLE_IDENTIFIER = com.Pallavi.WeatherApp;
				PRODUCT_NAME = "$(TARGET_NAME)";
				SWIFT_EMIT_LOC_STRINGS = YES;
				SWIFT_VERSION = 5.0;
				TARGETED_DEVICE_FAMILY = "1,2";
			};
			name = Debug;
		};
		5A6FAB7D2C93D80A0043C18A /* Release */ = {
			isa = XCBuildConfiguration;
			buildSettings = {
				ASSETCATALOG_COMPILER_APPICON_NAME = AppIcon;
				ASSETCATALOG_COMPILER_GLOBAL_ACCENT_COLOR_NAME = AccentColor;
				CODE_SIGN_STYLE = Automatic;
				CURRENT_PROJECT_VERSION = 1;
				DEVELOPMENT_ASSET_PATHS = "\"WeatherApp/Preview Content\"";
				DEVELOPMENT_TEAM = C6859D9NV5;
				ENABLE_PREVIEWS = YES;
				GENERATE_INFOPLIST_FILE = YES;
				INFOPLIST_FILE = WeatherApp/Info.plist;
				INFOPLIST_KEY_NSLocationWhenInUseUsageDescription = "App needs to access your current location";
				INFOPLIST_KEY_UIApplicationSceneManifest_Generation = YES;
				INFOPLIST_KEY_UIApplicationSupportsIndirectInputEvents = YES;
				INFOPLIST_KEY_UILaunchScreen_Generation = YES;
				INFOPLIST_KEY_UISupportedInterfaceOrientations_iPad = "UIInterfaceOrientationPortrait UIInterfaceOrientationPortraitUpsideDown UIInterfaceOrientationLandscapeLeft UIInterfaceOrientationLandscapeRight";
				INFOPLIST_KEY_UISupportedInterfaceOrientations_iPhone = "UIInterfaceOrientationPortrait UIInterfaceOrientationLandscapeLeft UIInterfaceOrientationLandscapeRight";
				LD_RUNPATH_SEARCH_PATHS = (
					"$(inherited)",
					"@executable_path/Frameworks",
				);
				MARKETING_VERSION = 1.0;
				PRODUCT_BUNDLE_IDENTIFIER = com.Pallavi.WeatherApp;
				PRODUCT_NAME = "$(TARGET_NAME)";
				SWIFT_EMIT_LOC_STRINGS = YES;
				SWIFT_VERSION = 5.0;
				TARGETED_DEVICE_FAMILY = "1,2";
			};
			name = Release;
		};
		5A6FAB7F2C93D80A0043C18A /* Debug */ = {
			isa = XCBuildConfiguration;
			buildSettings = {
				ALWAYS_EMBED_SWIFT_STANDARD_LIBRARIES = YES;
				BUNDLE_LOADER = "$(TEST_HOST)";
				CODE_SIGN_STYLE = Automatic;
				CURRENT_PROJECT_VERSION = 1;
				DEVELOPMENT_TEAM = C6859D9NV5;
				GENERATE_INFOPLIST_FILE = YES;
				IPHONEOS_DEPLOYMENT_TARGET = 17.5;
				MARKETING_VERSION = 1.0;
				PRODUCT_BUNDLE_IDENTIFIER = com.Pallavi.WeatherAppTests;
				PRODUCT_NAME = "$(TARGET_NAME)";
				SWIFT_EMIT_LOC_STRINGS = NO;
				SWIFT_VERSION = 5.0;
				TARGETED_DEVICE_FAMILY = "1,2";
				TEST_HOST = "$(BUILT_PRODUCTS_DIR)/WeatherApp.app/$(BUNDLE_EXECUTABLE_FOLDER_PATH)/WeatherApp";
			};
			name = Debug;
		};
		5A6FAB802C93D80A0043C18A /* Release */ = {
			isa = XCBuildConfiguration;
			buildSettings = {
				ALWAYS_EMBED_SWIFT_STANDARD_LIBRARIES = YES;
				BUNDLE_LOADER = "$(TEST_HOST)";
				CODE_SIGN_STYLE = Automatic;
				CURRENT_PROJECT_VERSION = 1;
				DEVELOPMENT_TEAM = C6859D9NV5;
				GENERATE_INFOPLIST_FILE = YES;
				IPHONEOS_DEPLOYMENT_TARGET = 17.5;
				MARKETING_VERSION = 1.0;
				PRODUCT_BUNDLE_IDENTIFIER = com.Pallavi.WeatherAppTests;
				PRODUCT_NAME = "$(TARGET_NAME)";
				SWIFT_EMIT_LOC_STRINGS = NO;
				SWIFT_VERSION = 5.0;
				TARGETED_DEVICE_FAMILY = "1,2";
				TEST_HOST = "$(BUILT_PRODUCTS_DIR)/WeatherApp.app/$(BUNDLE_EXECUTABLE_FOLDER_PATH)/WeatherApp";
			};
			name = Release;
		};
		5A6FAB822C93D80A0043C18A /* Debug */ = {
			isa = XCBuildConfiguration;
			buildSettings = {
				ALWAYS_EMBED_SWIFT_STANDARD_LIBRARIES = YES;
				CODE_SIGN_STYLE = Automatic;
				CURRENT_PROJECT_VERSION = 1;
				DEVELOPMENT_TEAM = C6859D9NV5;
				GENERATE_INFOPLIST_FILE = YES;
				MARKETING_VERSION = 1.0;
				PRODUCT_BUNDLE_IDENTIFIER = com.Pallavi.WeatherAppUITests;
				PRODUCT_NAME = "$(TARGET_NAME)";
				SWIFT_EMIT_LOC_STRINGS = NO;
				SWIFT_VERSION = 5.0;
				TARGETED_DEVICE_FAMILY = "1,2";
				TEST_TARGET_NAME = WeatherApp;
			};
			name = Debug;
		};
		5A6FAB832C93D80A0043C18A /* Release */ = {
			isa = XCBuildConfiguration;
			buildSettings = {
				ALWAYS_EMBED_SWIFT_STANDARD_LIBRARIES = YES;
				CODE_SIGN_STYLE = Automatic;
				CURRENT_PROJECT_VERSION = 1;
				DEVELOPMENT_TEAM = C6859D9NV5;
				GENERATE_INFOPLIST_FILE = YES;
				MARKETING_VERSION = 1.0;
				PRODUCT_BUNDLE_IDENTIFIER = com.Pallavi.WeatherAppUITests;
				PRODUCT_NAME = "$(TARGET_NAME)";
				SWIFT_EMIT_LOC_STRINGS = NO;
				SWIFT_VERSION = 5.0;
				TARGETED_DEVICE_FAMILY = "1,2";
				TEST_TARGET_NAME = WeatherApp;
			};
			name = Release;
		};
/* End XCBuildConfiguration section */

/* Begin XCConfigurationList section */
		5A6FAB522C93D8080043C18A /* Build configuration list for PBXProject "WeatherApp" */ = {
			isa = XCConfigurationList;
			buildConfigurations = (
				5A6FAB792C93D80A0043C18A /* Debug */,
				5A6FAB7A2C93D80A0043C18A /* Release */,
			);
			defaultConfigurationIsVisible = 0;
			defaultConfigurationName = Release;
		};
		5A6FAB7B2C93D80A0043C18A /* Build configuration list for PBXNativeTarget "WeatherApp" */ = {
			isa = XCConfigurationList;
			buildConfigurations = (
				5A6FAB7C2C93D80A0043C18A /* Debug */,
				5A6FAB7D2C93D80A0043C18A /* Release */,
			);
			defaultConfigurationIsVisible = 0;
			defaultConfigurationName = Release;
		};
		5A6FAB7E2C93D80A0043C18A /* Build configuration list for PBXNativeTarget "WeatherAppTests" */ = {
			isa = XCConfigurationList;
			buildConfigurations = (
				5A6FAB7F2C93D80A0043C18A /* Debug */,
				5A6FAB802C93D80A0043C18A /* Release */,
			);
			defaultConfigurationIsVisible = 0;
			defaultConfigurationName = Release;
		};
		5A6FAB812C93D80A0043C18A /* Build configuration list for PBXNativeTarget "WeatherAppUITests" */ = {
			isa = XCConfigurationList;
			buildConfigurations = (
				5A6FAB822C93D80A0043C18A /* Debug */,
				5A6FAB832C93D80A0043C18A /* Release */,
			);
			defaultConfigurationIsVisible = 0;
			defaultConfigurationName = Release;
		};
/* End XCConfigurationList section */
	};
	rootObject = 5A6FAB4F2C93D8080043C18A /* Project object */;
}
